
Microsoft Visual Studio Solution File, Format Version 12.00
# Visual Studio Version 16
VisualStudioVersion = 16.0.31005.135
MinimumVisualStudioVersion = 10.0.40219.1
Project("{FAE04EC0-301F-11D3-BF4B-00C04F79EFBC}") = "PPRM", "PPRM\PPRM.csproj", "{C774BBA9-58B8-42AF-B1DF-D94AF1BD285A}"
EndProject
Global
	GlobalSection(SolutionConfigurationPlatforms) = preSolution
		Debug|Any CPU = Debug|Any CPU
		Release|Any CPU = Release|Any CPU
	EndGlobalSection
	GlobalSection(ProjectConfigurationPlatforms) = postSolution
		{C774BBA9-58B8-42AF-B1DF-D94AF1BD285A}.Debug|Any CPU.ActiveCfg = Debug|Any CPU
		{C774BBA9-58B8-42AF-B1DF-D94AF1BD285A}.Debug|Any CPU.Build.0 = Debug|Any CPU
		{C774BBA9-58B8-42AF-B1DF-D94AF1BD285A}.Release|Any CPU.ActiveCfg = Release|Any CPU
		{C774BBA9-58B8-42AF-B1DF-D94AF1BD285A}.Release|Any CPU.Build.0 = Release|Any CPU
	EndGlobalSection
	GlobalSection(SolutionProperties) = preSolution
		HideSolutionNode = FALSE
	EndGlobalSection
	GlobalSection(ExtensibilityGlobals) = postSolution
		SolutionGuid = {042AF569-C7BA-4B7B-9B20-5DA3F712D1D7}
	EndGlobalSection
EndGlobal
